
Microsoft Visual Studio Solution File, Format Version 12.00
# Visual Studio 15
VisualStudioVersion = 15.0.26124.0
MinimumVisualStudioVersion = 15.0.26124.0
Project("{2150E333-8FDC-42A3-9474-1A3956D46DE8}") = "src", "src", "{2C2EC564-10D9-4182-A4F5-0B0DA296365F}"
EndProject
Project("{FAE04EC0-301F-11D3-BF4B-00C04F79EFBC}") = "Http.Signalr", "src\Http.Signalr\Http.Signalr.csproj", "{8CC45044-2DC9-46CE-8C37-61FA2D2D738A}"
EndProject
Project("{FAE04EC0-301F-11D3-BF4B-00C04F79EFBC}") = "ClientHttp", "src\ClientHttp\ClientHttp.csproj", "{01D06D2B-13A0-4648-B5D2-ED2C22E789AE}"
EndProject
Project("{FAE04EC0-301F-11D3-BF4B-00C04F79EFBC}") = "Transport.Description", "src\Transport.Description\Transport.Description.csproj", "{AFDE1D3C-87C3-4557-8B29-8F2DDE55616A}"
EndProject
Project("{FAE04EC0-301F-11D3-BF4B-00C04F79EFBC}") = "Tcp.Signalr", "src\Tcp.Signalr\Tcp.Signalr.csproj", "{D8819DC9-F89D-4158-AE9F-B48C93E5B2FE}"
EndProject
Project("{FAE04EC0-301F-11D3-BF4B-00C04F79EFBC}") = "Tcp.Native", "src\Tcp.Native\Tcp.Native.csproj", "{421F2ED7-2222-48DF-93CC-F36F0E4A264F}"
EndProject
Project("{FAE04EC0-301F-11D3-BF4B-00C04F79EFBC}") = "Native.Grpc", "src\Native.Grpc\Native.Grpc.csproj", "{584A6F21-D543-4F6C-9BD5-1B949F336AB3}"
EndProject
Project("{FAE04EC0-301F-11D3-BF4B-00C04F79EFBC}") = "ClientGrpc", "src\ClientGrpc\ClientGrpc.csproj", "{CA950DED-0627-4100-A3F2-466805C19329}"
EndProject
Project("{FAE04EC0-301F-11D3-BF4B-00C04F79EFBC}") = "Server.Grpc", "src\Server.Grpc\Server.Grpc.csproj", "{5E912475-5DC1-45FB-9C07-80F84603954E}"
EndProject
Global
	GlobalSection(SolutionConfigurationPlatforms) = preSolution
		Debug|Any CPU = Debug|Any CPU
		Debug|x64 = Debug|x64
		Debug|x86 = Debug|x86
		Release|Any CPU = Release|Any CPU
		Release|x64 = Release|x64
		Release|x86 = Release|x86
	EndGlobalSection
	GlobalSection(SolutionProperties) = preSolution
		HideSolutionNode = FALSE
	EndGlobalSection
	GlobalSection(ProjectConfigurationPlatforms) = postSolution
		{8CC45044-2DC9-46CE-8C37-61FA2D2D738A}.Debug|Any CPU.ActiveCfg = Debug|Any CPU
		{8CC45044-2DC9-46CE-8C37-61FA2D2D738A}.Debug|Any CPU.Build.0 = Debug|Any CPU
		{8CC45044-2DC9-46CE-8C37-61FA2D2D738A}.Debug|x64.ActiveCfg = Debug|Any CPU
		{8CC45044-2DC9-46CE-8C37-61FA2D2D738A}.Debug|x64.Build.0 = Debug|Any CPU
		{8CC45044-2DC9-46CE-8C37-61FA2D2D738A}.Debug|x86.ActiveCfg = Debug|Any CPU
		{8CC45044-2DC9-46CE-8C37-61FA2D2D738A}.Debug|x86.Build.0 = Debug|Any CPU
		{8CC45044-2DC9-46CE-8C37-61FA2D2D738A}.Release|Any CPU.ActiveCfg = Release|Any CPU
		{8CC45044-2DC9-46CE-8C37-61FA2D2D738A}.Release|Any CPU.Build.0 = Release|Any CPU
		{8CC45044-2DC9-46CE-8C37-61FA2D2D738A}.Release|x64.ActiveCfg = Release|Any CPU
		{8CC45044-2DC9-46CE-8C37-61FA2D2D738A}.Release|x64.Build.0 = Release|Any CPU
		{8CC45044-2DC9-46CE-8C37-61FA2D2D738A}.Release|x86.ActiveCfg = Release|Any CPU
		{8CC45044-2DC9-46CE-8C37-61FA2D2D738A}.Release|x86.Build.0 = Release|Any CPU
		{01D06D2B-13A0-4648-B5D2-ED2C22E789AE}.Debug|Any CPU.ActiveCfg = Debug|Any CPU
		{01D06D2B-13A0-4648-B5D2-ED2C22E789AE}.Debug|Any CPU.Build.0 = Debug|Any CPU
		{01D06D2B-13A0-4648-B5D2-ED2C22E789AE}.Debug|x64.ActiveCfg = Debug|Any CPU
		{01D06D2B-13A0-4648-B5D2-ED2C22E789AE}.Debug|x64.Build.0 = Debug|Any CPU
		{01D06D2B-13A0-4648-B5D2-ED2C22E789AE}.Debug|x86.ActiveCfg = Debug|Any CPU
		{01D06D2B-13A0-4648-B5D2-ED2C22E789AE}.Debug|x86.Build.0 = Debug|Any CPU
		{01D06D2B-13A0-4648-B5D2-ED2C22E789AE}.Release|Any CPU.ActiveCfg = Release|Any CPU
		{01D06D2B-13A0-4648-B5D2-ED2C22E789AE}.Release|Any CPU.Build.0 = Release|Any CPU
		{01D06D2B-13A0-4648-B5D2-ED2C22E789AE}.Release|x64.ActiveCfg = Release|Any CPU
		{01D06D2B-13A0-4648-B5D2-ED2C22E789AE}.Release|x64.Build.0 = Release|Any CPU
		{01D06D2B-13A0-4648-B5D2-ED2C22E789AE}.Release|x86.ActiveCfg = Release|Any CPU
		{01D06D2B-13A0-4648-B5D2-ED2C22E789AE}.Release|x86.Build.0 = Release|Any CPU
		{AFDE1D3C-87C3-4557-8B29-8F2DDE55616A}.Debug|Any CPU.ActiveCfg = Debug|Any CPU
		{AFDE1D3C-87C3-4557-8B29-8F2DDE55616A}.Debug|Any CPU.Build.0 = Debug|Any CPU
		{AFDE1D3C-87C3-4557-8B29-8F2DDE55616A}.Debug|x64.ActiveCfg = Debug|Any CPU
		{AFDE1D3C-87C3-4557-8B29-8F2DDE55616A}.Debug|x64.Build.0 = Debug|Any CPU
		{AFDE1D3C-87C3-4557-8B29-8F2DDE55616A}.Debug|x86.ActiveCfg = Debug|Any CPU
		{AFDE1D3C-87C3-4557-8B29-8F2DDE55616A}.Debug|x86.Build.0 = Debug|Any CPU
		{AFDE1D3C-87C3-4557-8B29-8F2DDE55616A}.Release|Any CPU.ActiveCfg = Release|Any CPU
		{AFDE1D3C-87C3-4557-8B29-8F2DDE55616A}.Release|Any CPU.Build.0 = Release|Any CPU
		{AFDE1D3C-87C3-4557-8B29-8F2DDE55616A}.Release|x64.ActiveCfg = Release|Any CPU
		{AFDE1D3C-87C3-4557-8B29-8F2DDE55616A}.Release|x64.Build.0 = Release|Any CPU
		{AFDE1D3C-87C3-4557-8B29-8F2DDE55616A}.Release|x86.ActiveCfg = Release|Any CPU
		{AFDE1D3C-87C3-4557-8B29-8F2DDE55616A}.Release|x86.Build.0 = Release|Any CPU
		{D8819DC9-F89D-4158-AE9F-B48C93E5B2FE}.Debug|Any CPU.ActiveCfg = Debug|Any CPU
		{D8819DC9-F89D-4158-AE9F-B48C93E5B2FE}.Debug|Any CPU.Build.0 = Debug|Any CPU
		{D8819DC9-F89D-4158-AE9F-B48C93E5B2FE}.Debug|x64.ActiveCfg = Debug|Any CPU
		{D8819DC9-F89D-4158-AE9F-B48C93E5B2FE}.Debug|x64.Build.0 = Debug|Any CPU
		{D8819DC9-F89D-4158-AE9F-B48C93E5B2FE}.Debug|x86.ActiveCfg = Debug|Any CPU
		{D8819DC9-F89D-4158-AE9F-B48C93E5B2FE}.Debug|x86.Build.0 = Debug|Any CPU
		{D8819DC9-F89D-4158-AE9F-B48C93E5B2FE}.Release|Any CPU.ActiveCfg = Release|Any CPU
		{D8819DC9-F89D-4158-AE9F-B48C93E5B2FE}.Release|Any CPU.Build.0 = Release|Any CPU
		{D8819DC9-F89D-4158-AE9F-B48C93E5B2FE}.Release|x64.ActiveCfg = Release|Any CPU
		{D8819DC9-F89D-4158-AE9F-B48C93E5B2FE}.Release|x64.Build.0 = Release|Any CPU
		{D8819DC9-F89D-4158-AE9F-B48C93E5B2FE}.Release|x86.ActiveCfg = Release|Any CPU
		{D8819DC9-F89D-4158-AE9F-B48C93E5B2FE}.Release|x86.Build.0 = Release|Any CPU
		{421F2ED7-2222-48DF-93CC-F36F0E4A264F}.Debug|Any CPU.ActiveCfg = Debug|Any CPU
		{421F2ED7-2222-48DF-93CC-F36F0E4A264F}.Debug|Any CPU.Build.0 = Debug|Any CPU
		{421F2ED7-2222-48DF-93CC-F36F0E4A264F}.Debug|x64.ActiveCfg = Debug|Any CPU
		{421F2ED7-2222-48DF-93CC-F36F0E4A264F}.Debug|x64.Build.0 = Debug|Any CPU
		{421F2ED7-2222-48DF-93CC-F36F0E4A264F}.Debug|x86.ActiveCfg = Debug|Any CPU
		{421F2ED7-2222-48DF-93CC-F36F0E4A264F}.Debug|x86.Build.0 = Debug|Any CPU
		{421F2ED7-2222-48DF-93CC-F36F0E4A264F}.Release|Any CPU.ActiveCfg = Release|Any CPU
		{421F2ED7-2222-48DF-93CC-F36F0E4A264F}.Release|Any CPU.Build.0 = Release|Any CPU
		{421F2ED7-2222-48DF-93CC-F36F0E4A264F}.Release|x64.ActiveCfg = Release|Any CPU
		{421F2ED7-2222-48DF-93CC-F36F0E4A264F}.Release|x64.Build.0 = Release|Any CPU
		{421F2ED7-2222-48DF-93CC-F36F0E4A264F}.Release|x86.ActiveCfg = Release|Any CPU
		{421F2ED7-2222-48DF-93CC-F36F0E4A264F}.Release|x86.Build.0 = Release|Any CPU
		{584A6F21-D543-4F6C-9BD5-1B949F336AB3}.Debug|Any CPU.ActiveCfg = Debug|Any CPU
		{584A6F21-D543-4F6C-9BD5-1B949F336AB3}.Debug|Any CPU.Build.0 = Debug|Any CPU
		{584A6F21-D543-4F6C-9BD5-1B949F336AB3}.Debug|x64.ActiveCfg = Debug|Any CPU
		{584A6F21-D543-4F6C-9BD5-1B949F336AB3}.Debug|x64.Build.0 = Debug|Any CPU
		{584A6F21-D543-4F6C-9BD5-1B949F336AB3}.Debug|x86.ActiveCfg = Debug|Any CPU
		{584A6F21-D543-4F6C-9BD5-1B949F336AB3}.Debug|x86.Build.0 = Debug|Any CPU
		{584A6F21-D543-4F6C-9BD5-1B949F336AB3}.Release|Any CPU.ActiveCfg = Release|Any CPU
		{584A6F21-D543-4F6C-9BD5-1B949F336AB3}.Release|Any CPU.Build.0 = Release|Any CPU
		{584A6F21-D543-4F6C-9BD5-1B949F336AB3}.Release|x64.ActiveCfg = Release|Any CPU
		{584A6F21-D543-4F6C-9BD5-1B949F336AB3}.Release|x64.Build.0 = Release|Any CPU
		{584A6F21-D543-4F6C-9BD5-1B949F336AB3}.Release|x86.ActiveCfg = Release|Any CPU
		{584A6F21-D543-4F6C-9BD5-1B949F336AB3}.Release|x86.Build.0 = Release|Any CPU
		{CA950DED-0627-4100-A3F2-466805C19329}.Debug|Any CPU.ActiveCfg = Debug|Any CPU
		{CA950DED-0627-4100-A3F2-466805C19329}.Debug|Any CPU.Build.0 = Debug|Any CPU
		{CA950DED-0627-4100-A3F2-466805C19329}.Debug|x64.ActiveCfg = Debug|Any CPU
		{CA950DED-0627-4100-A3F2-466805C19329}.Debug|x64.Build.0 = Debug|Any CPU
		{CA950DED-0627-4100-A3F2-466805C19329}.Debug|x86.ActiveCfg = Debug|Any CPU
		{CA950DED-0627-4100-A3F2-466805C19329}.Debug|x86.Build.0 = Debug|Any CPU
		{CA950DED-0627-4100-A3F2-466805C19329}.Release|Any CPU.ActiveCfg = Release|Any CPU
		{CA950DED-0627-4100-A3F2-466805C19329}.Release|Any CPU.Build.0 = Release|Any CPU
		{CA950DED-0627-4100-A3F2-466805C19329}.Release|x64.ActiveCfg = Release|Any CPU
		{CA950DED-0627-4100-A3F2-466805C19329}.Release|x64.Build.0 = Release|Any CPU
		{CA950DED-0627-4100-A3F2-466805C19329}.Release|x86.ActiveCfg = Release|Any CPU
		{CA950DED-0627-4100-A3F2-466805C19329}.Release|x86.Build.0 = Release|Any CPU
		{5E912475-5DC1-45FB-9C07-80F84603954E}.Debug|Any CPU.ActiveCfg = Debug|Any CPU
		{5E912475-5DC1-45FB-9C07-80F84603954E}.Debug|Any CPU.Build.0 = Debug|Any CPU
		{5E912475-5DC1-45FB-9C07-80F84603954E}.Debug|x64.ActiveCfg = Debug|Any CPU
		{5E912475-5DC1-45FB-9C07-80F84603954E}.Debug|x64.Build.0 = Debug|Any CPU
		{5E912475-5DC1-45FB-9C07-80F84603954E}.Debug|x86.ActiveCfg = Debug|Any CPU
		{5E912475-5DC1-45FB-9C07-80F84603954E}.Debug|x86.Build.0 = Debug|Any CPU
		{5E912475-5DC1-45FB-9C07-80F84603954E}.Release|Any CPU.ActiveCfg = Release|Any CPU
		{5E912475-5DC1-45FB-9C07-80F84603954E}.Release|Any CPU.Build.0 = Release|Any CPU
		{5E912475-5DC1-45FB-9C07-80F84603954E}.Release|x64.ActiveCfg = Release|Any CPU
		{5E912475-5DC1-45FB-9C07-80F84603954E}.Release|x64.Build.0 = Release|Any CPU
		{5E912475-5DC1-45FB-9C07-80F84603954E}.Release|x86.ActiveCfg = Release|Any CPU
		{5E912475-5DC1-45FB-9C07-80F84603954E}.Release|x86.Build.0 = Release|Any CPU
	EndGlobalSection
	GlobalSection(NestedProjects) = preSolution
		{8CC45044-2DC9-46CE-8C37-61FA2D2D738A} = {2C2EC564-10D9-4182-A4F5-0B0DA296365F}
		{01D06D2B-13A0-4648-B5D2-ED2C22E789AE} = {2C2EC564-10D9-4182-A4F5-0B0DA296365F}
		{AFDE1D3C-87C3-4557-8B29-8F2DDE55616A} = {2C2EC564-10D9-4182-A4F5-0B0DA296365F}
		{D8819DC9-F89D-4158-AE9F-B48C93E5B2FE} = {2C2EC564-10D9-4182-A4F5-0B0DA296365F}
		{421F2ED7-2222-48DF-93CC-F36F0E4A264F} = {2C2EC564-10D9-4182-A4F5-0B0DA296365F}
		{584A6F21-D543-4F6C-9BD5-1B949F336AB3} = {2C2EC564-10D9-4182-A4F5-0B0DA296365F}
		{CA950DED-0627-4100-A3F2-466805C19329} = {2C2EC564-10D9-4182-A4F5-0B0DA296365F}
		{5E912475-5DC1-45FB-9C07-80F84603954E} = {2C2EC564-10D9-4182-A4F5-0B0DA296365F}
	EndGlobalSection
EndGlobal
